{
  "version": 4,
  "terraform_version": "0.15.3",
  "serial": 4,
  "lineage": "c44f310d-e6e9-92f6-4781-c334476293d2",
  "outputs": {},
  "resources": [
    {
      "module": "module.auto-gen-monitors",
      "mode": "managed",
      "type": "datadog_monitor",
      "name": "cpumonitor",
      "provider": "provider[\"registry.terraform.io/datadog/datadog\"]",
      "instances": [
        {
          "schema_version": 0,
          "attributes": {
            "enable_logs_sample": null,
            "escalation_message": "",
            "evaluation_delay": 0,
            "force_delete": null,
            "groupby_simple_monitor": null,
            "id": "35038880",
            "include_tags": true,
            "locked": false,
            "message": "CPU usage alert",
            "monitor_threshold_windows": [],
            "monitor_thresholds": [],
            "name": "cpu monitor",
            "new_host_delay": 300,
            "no_data_timeframe": 0,
            "notify_audit": false,
            "notify_no_data": false,
            "priority": 0,
            "query": "avg(last_1m):avg:system.cpu.system{*} by {host} \u003e 60",
            "renotify_interval": 0,
            "require_full_window": true,
            "restricted_roles": null,
            "silenced": null,
            "tags": null,
            "threshold_windows": null,
            "thresholds": null,
            "timeout_h": 0,
            "type": "metric alert",
            "validate": null
          },
          "sensitive_attributes": [],
          "private": "bnVsbA=="
        }
      ]
    }
  ]
}
